
Microsoft Visual Studio Solution File, Format Version 12.00
# Visual Studio Version 17
VisualStudioVersion = 17.5.002.0
MinimumVisualStudioVersion = 10.0.40219.1
Project("{9A19103F-16F7-4668-BE54-9A1E7A4F7556}") = "PetAdoption", "PetAdoption.csproj", "{F452238B-5190-4CF8-829A-4C8DEF18FB8E}"
EndProject
Global
	GlobalSection(SolutionConfigurationPlatforms) = preSolution
		Debug|Any CPU = Debug|Any CPU
		Release|Any CPU = Release|Any CPU
	EndGlobalSection
	GlobalSection(ProjectConfigurationPlatforms) = postSolution
		{F452238B-5190-4CF8-829A-4C8DEF18FB8E}.Debug|Any CPU.ActiveCfg = Debug|Any CPU
		{F452238B-5190-4CF8-829A-4C8DEF18FB8E}.Debug|Any CPU.Build.0 = Debug|Any CPU
		{F452238B-5190-4CF8-829A-4C8DEF18FB8E}.Release|Any CPU.ActiveCfg = Release|Any CPU
		{F452238B-5190-4CF8-829A-4C8DEF18FB8E}.Release|Any CPU.Build.0 = Release|Any CPU
	EndGlobalSection
	GlobalSection(SolutionProperties) = preSolution
		HideSolutionNode = FALSE
	EndGlobalSection
	GlobalSection(ExtensibilityGlobals) = postSolution
		SolutionGuid = {AE90AEE7-D29C-4886-99CC-EC83C1904DF0}
	EndGlobalSection
EndGlobal
